// !$*UTF8*$!
{
	archiveVersion = 1;
	classes = {
	};
	objectVersion = 46;
	objects = {

/* Begin PBXBuildFile section */
		23EDBA971DCA5FA90012F311 /* AppDelegate.swift in Sources */ = {isa = PBXBuildFile; fileRef = 23EDBA961DCA5FA90012F311 /* AppDelegate.swift */; };
		23EDBA991DCA5FA90012F311 /* ViewController.swift in Sources */ = {isa = PBXBuildFile; fileRef = 23EDBA981DCA5FA90012F311 /* ViewController.swift */; };
		23EDBA9C1DCA5FA90012F311 /* Main.storyboard in Resources */ = {isa = PBXBuildFile; fileRef = 23EDBA9A1DCA5FA90012F311 /* Main.storyboard */; };
		23EDBA9E1DCA5FA90012F311 /* Assets.xcassets in Resources */ = {isa = PBXBuildFile; fileRef = 23EDBA9D1DCA5FA90012F311 /* Assets.xcassets */; };
		23EDBAA11DCA5FA90012F311 /* LaunchScreen.storyboard in Resources */ = {isa = PBXBuildFile; fileRef = 23EDBA9F1DCA5FA90012F311 /* LaunchScreen.storyboard */; };
		23EDBAA91DCA76D60012F311 /* 1024.png in Resources */ = {isa = PBXBuildFile; fileRef = 23EDBAA81DCA76D60012F311 /* 1024.png */; };
/* End PBXBuildFile section */

/* Begin PBXFileReference section */
		23EDBA931DCA5FA90012F311 /* CoffeeApp.app */ = {isa = PBXFileReference; explicitFileType = wrapper.application; includeInIndex = 0; path = CoffeeApp.app; sourceTree = BUILT_PRODUCTS_DIR; };
		23EDBA961DCA5FA90012F311 /* AppDelegate.swift */ = {isa = PBXFileReference; lastKnownFileType = sourcecode.swift; path = AppDelegate.swift; sourceTree = "<group>"; };
		23EDBA981DCA5FA90012F311 /* ViewController.swift */ = {isa = PBXFileReference; lastKnownFileType = sourcecode.swift; path = ViewController.swift; sourceTree = "<group>"; };
		23EDBA9B1DCA5FA90012F311 /* Base */ = {isa = PBXFileReference; lastKnownFileType = file.storyboard; name = Base; path = Base.lproj/Main.storyboard; sourceTree = "<group>"; };
		23EDBA9D1DCA5FA90012F311 /* Assets.xcassets */ = {isa = PBXFileReference; lastKnownFileType = folder.assetcatalog; path = Assets.xcassets; sourceTree = "<group>"; };
		23EDBAA01DCA5FA90012F311 /* Base */ = {isa = PBXFileReference; lastKnownFileType = file.storyboard; name = Base; path = Base.lproj/LaunchScreen.storyboard; sourceTree = "<group>"; };
		23EDBAA21DCA5FA90012F311 /* Info.plist */ = {isa = PBXFileReference; lastKnownFileType = text.plist.xml; path = Info.plist; sourceTree = "<group>"; };
		23EDBAA81DCA76D60012F311 /* 1024.png */ = {isa = PBXFileReference; lastKnownFileType = image.png; path = 1024.png; sourceTree = "<group>"; };
/* End PBXFileReference section */

/* Begin PBXFrameworksBuildPhase section */
		23EDBA901DCA5FA90012F311 /* Frameworks */ = {
			isa = PBXFrameworksBuildPhase;
			buildActionMask = 2147483647;
			files = (
			);
			runOnlyForDeploymentPostprocessing = 0;
		};
/* End PBXFrameworksBuildPhase section */

/* Begin PBXGroup section */
		23EDBA8A1DCA5FA90012F311 = {
			isa = PBXGroup;
			children = (
				23EDBA951DCA5FA90012F311 /* CoffeeApp */,
				23EDBA941DCA5FA90012F311 /* Products */,
			);
			sourceTree = "<group>";
		};
		23EDBA941DCA5FA90012F311 /* Products */ = {
			isa = PBXGroup;
			children = (
				23EDBA931DCA5FA90012F311 /* CoffeeApp.app */,
			);
			name = Products;
			sourceTree = "<group>";
		};
		23EDBA951DCA5FA90012F311 /* CoffeeApp */ = {
			isa = PBXGroup;
			children = (
				23EDBA961DCA5FA90012F311 /* AppDelegate.swift */,
				23EDBA981DCA5FA90012F311 /* ViewController.swift */,
				23EDBA9A1DCA5FA90012F311 /* Main.storyboard */,
				23EDBA9D1DCA5FA90012F311 /* Assets.xcassets */,
				23EDBAA81DCA76D60012F311 /* 1024.png */,
				23EDBA9F1DCA5FA90012F311 /* LaunchScreen.storyboard */,
				23EDBAA21DCA5FA90012F311 /* Info.plist */,
			);
			path = CoffeeApp;
			sourceTree = "<group>";
		};
/* End PBXGroup section */

/* Begin PBXNativeTarget section */
		23EDBA921DCA5FA90012F311 /* CoffeeApp */ = {
			isa = PBXNativeTarget;
			buildConfigurationList = 23EDBAA51DCA5FA90012F311 /* Build configuration list for PBXNativeTarget "CoffeeApp" */;
			buildPhases = (
				23EDBA8F1DCA5FA90012F311 /* Sources */,
				23EDBA901DCA5FA90012F311 /* Frameworks */,
				23EDBA911DCA5FA90012F311 /* Resources */,
			);
			buildRules = (
			);
			dependencies = (
			);
			name = CoffeeApp;
			productName = CoffeeApp;
			productReference = 23EDBA931DCA5FA90012F311 /* CoffeeApp.app */;
			productType = "com.apple.product-type.application";
		};
/* End PBXNativeTarget section */

/* Begin PBXProject section */
		23EDBA8B1DCA5FA90012F311 /* Project object */ = {
			isa = PBXProject;
			attributes = {
				LastSwiftUpdateCheck = 0800;
				LastUpgradeCheck = 0800;
				ORGANIZATIONNAME = "Praveen Samuel . J";
				TargetAttributes = {
					23EDBA921DCA5FA90012F311 = {
						CreatedOnToolsVersion = 8.0;
						ProvisioningStyle = Automatic;
					};
				};
			};
			buildConfigurationList = 23EDBA8E1DCA5FA90012F311 /* Build configuration list for PBXProject "CoffeeApp" */;
			compatibilityVersion = "Xcode 3.2";
			developmentRegion = English;
			hasScannedForEncodings = 0;
			knownRegions = (
				en,
				Base,
			);
			mainGroup = 23EDBA8A1DCA5FA90012F311;
			productRefGroup = 23EDBA941DCA5FA90012F311 /* Products */;
			projectDirPath = "";
			projectRoot = "";
			targets = (
				23EDBA921DCA5FA90012F311 /* CoffeeApp */,
			);
		};
/* End PBXProject section */

/* Begin PBXResourcesBuildPhase section */
		23EDBA911DCA5FA90012F311 /* Resources */ = {
			isa = PBXResourcesBuildPhase;
			buildActionMask = 2147483647;
			files = (
				23EDBAA11DCA5FA90012F311 /* LaunchScreen.storyboard in Resources */,
				23EDBA9E1DCA5FA90012F311 /* Assets.xcassets in Resources */,
				23EDBAA91DCA76D60012F311 /* 1024.png in Resources */,
				23EDBA9C1DCA5FA90012F311 /* Main.storyboard in Resources */,
			);
			runOnlyForDeploymentPostprocessing = 0;
		};
/* End PBXResourcesBuildPhase section */

/* Begin PBXSourcesBuildPhase section */
		23EDBA8F1DCA5FA90012F311 /* Sources */ = {
			isa = PBXSourcesBuildPhase;
			buildActionMask = 2147483647;
			files = (
				23EDBA991DCA5FA90012F311 /* ViewController.swift in Sources */,
				23EDBA971DCA5FA90012F311 /* AppDelegate.swift in Sources */,
			);
			runOnlyForDeploymentPostprocessing = 0;
		};
/* End PBXSourcesBuildPhase section */

/* Begin PBXVariantGroup section */
		23EDBA9A1DCA5FA90012F311 /* Main.storyboard */ = {
			isa = PBXVariantGroup;
			children = (
				23EDBA9B1DCA5FA90012F311 /* Base */,
			);
			name = Main.storyboard;
			sourceTree = "<group>";
		};
		23EDBA9F1DCA5FA90012F311 /* LaunchScreen.storyboard */ = {
			isa = PBXVariantGroup;
			children = (
				23EDBAA01DCA5FA90012F311 /* Base */,
			);
			name = LaunchScreen.storyboard;
			sourceTree = "<group>";
		};
/* End PBXVariantGroup section */

/* Begin XCBuildConfiguration section */
		23EDBAA31DCA5FA90012F311 /* Debug */ = {
			isa = XCBuildConfiguration;
			buildSettings = {
				ALWAYS_SEARCH_USER_PATHS = NO;
				CLANG_ANALYZER_NONNULL = YES;
				CLANG_CXX_LANGUAGE_STANDARD = "gnu++0x";
				CLANG_CXX_LIBRARY = "libc++";
				CLANG_ENABLE_MODULES = YES;
				CLANG_ENABLE_OBJC_ARC = YES;
				CLANG_WARN_BOOL_CONVERSION = YES;
				CLANG_WARN_CONSTANT_CONVERSION = YES;
				CLANG_WARN_DIRECT_OBJC_ISA_USAGE = YES_ERROR;
				CLANG_WARN_DOCUMENTATION_COMMENTS = YES;
				CLANG_WARN_EMPTY_BODY = YES;
				CLANG_WARN_ENUM_CONVERSION = YES;
				CLANG_WARN_INFINITE_RECURSION = YES;
				CLANG_WARN_INT_CONVERSION = YES;
				CLANG_WARN_OBJC_ROOT_CLASS = YES_ERROR;
				CLANG_WARN_SUSPICIOUS_MOVES = YES;
				CLANG_WARN_UNREACHABLE_CODE = YES;
				CLANG_WARN__DUPLICATE_METHOD_MATCH = YES;
				"CODE_SIGN_IDENTITY[sdk=iphoneos*]" = "iPhone Developer";
				COPY_PHASE_STRIP = NO;
				DEBUG_INFORMATION_FORMAT = dwarf;
				ENABLE_STRICT_OBJC_MSGSEND = YES;
				ENABLE_TESTABILITY = YES;
				GCC_C_LANGUAGE_STANDARD = gnu99;
				GCC_DYNAMIC_NO_PIC = NO;
				GCC_NO_COMMON_BLOCKS = YES;
				GCC_OPTIMIZATION_LEVEL = 0;
				GCC_PREPROCESSOR_DEFINITIONS = (
					"DEBUG=1",
					"$(inherited)",
				);
				GCC_WARN_64_TO_32_BIT_CONVERSION = YES;
				GCC_WARN_ABOUT_RETURN_TYPE = YES_ERROR;
				GCC_WARN_UNDECLARED_SELECTOR = YES;
				GCC_WARN_UNINITIALIZED_AUTOS = YES_AGGRESSIVE;
				GCC_WARN_UNUSED_FUNCTION = YES;
				GCC_WARN_UNUSED_VARIABLE = YES;
				IPHONEOS_DEPLOYMENT_TARGET = 10.0;
				MTL_ENABLE_DEBUG_INFO = YES;
				ONLY_ACTIVE_ARCH = YES;
				SDKROOT = iphoneos;
				SWIFT_ACTIVE_COMPILATION_CONDITIONS = DEBUG;
				SWIFT_OPTIMIZATION_LEVEL = "-Onone";
			};
			name = Debug;
		};
		23EDBAA41DCA5FA90012F311 /* Release */ = {
			isa = XCBuildConfiguration;
			buildSettings = {
				ALWAYS_SEARCH_USER_PATHS = NO;
				CLANG_ANALYZER_NONNULL = YES;
				CLANG_CXX_LANGUAGE_STANDARD = "gnu++0x";
				CLANG_CXX_LIBRARY = "libc++";
				CLANG_ENABLE_MODULES = YES;
				CLANG_ENABLE_OBJC_ARC = YES;
				CLANG_WARN_BOOL_CONVERSION = YES;
				CLANG_WARN_CONSTANT_CONVERSION = YES;
				CLANG_WARN_DIRECT_OBJC_ISA_USAGE = YES_ERROR;
				CLANG_WARN_DOCUMENTATION_COMMENTS = YES;
				CLANG_WARN_EMPTY_BODY = YES;
				CLANG_WARN_ENUM_CONVERSION = YES;
				CLANG_WARN_INFINITE_RECURSION = YES;
				CLANG_WARN_INT_CONVERSION = YES;
				CLANG_WARN_OBJC_ROOT_CLASS = YES_ERROR;
				CLANG_WARN_SUSPICIOUS_MOVES = YES;
				CLANG_WARN_UNREACHABLE_CODE = YES;
				CLANG_WARN__DUPLICATE_METHOD_MATCH = YES;
				"CODE_SIGN_IDENTITY[sdk=iphoneos*]" = "iPhone Developer";
				COPY_PHASE_STRIP = NO;
				DEBUG_INFORMATION_FORMAT = "dwarf-with-dsym";
				ENABLE_NS_ASSERTIONS = NO;
				ENABLE_STRICT_OBJC_MSGSEND = YES;
				GCC_C_LANGUAGE_STANDARD = gnu99;
				GCC_NO_COMMON_BLOCKS = YES;
				GCC_WARN_64_TO_32_BIT_CONVERSION = YES;
				GCC_WARN_ABOUT_RETURN_TYPE = YES_ERROR;
				GCC_WARN_UNDECLARED_SELECTOR = YES;
				GCC_WARN_UNINITIALIZED_AUTOS = YES_AGGRESSIVE;
				GCC_WARN_UNUSED_FUNCTION = YES;
				GCC_WARN_UNUSED_VARIABLE = YES;
				IPHONEOS_DEPLOYMENT_TARGET = 10.0;
				MTL_ENABLE_DEBUG_INFO = NO;
				SDKROOT = iphoneos;
				SWIFT_OPTIMIZATION_LEVEL = "-Owholemodule";
				VALIDATE_PRODUCT = YES;
			};
			name = Release;
		};
		23EDBAA61DCA5FA90012F311 /* Debug */ = {
			isa = XCBuildConfiguration;
			buildSettings = {
				ASSETCATALOG_COMPILER_APPICON_NAME = AppIcon;
				DEVELOPMENT_TEAM = "";
				INFOPLIST_FILE = CoffeeApp/Info.plist;
				LD_RUNPATH_SEARCH_PATHS = "$(inherited) @executable_path/Frameworks";
				PRODUCT_BUNDLE_IDENTIFIER = com.praveensamuel.CoffeeApp;
				PRODUCT_NAME = "$(TARGET_NAME)";
				SWIFT_VERSION = 3.0;
			};
			name = Debug;
		};
		23EDBAA71DCA5FA90012F311 /* Release */ = {
			isa = XCBuildConfiguration;
			buildSettings = {
				ASSETCATALOG_COMPILER_APPICON_NAME = AppIcon;
				DEVELOPMENT_TEAM = "";
				INFOPLIST_FILE = CoffeeApp/Info.plist;
				LD_RUNPATH_SEARCH_PATHS = "$(inherited) @executable_path/Frameworks";
				PRODUCT_BUNDLE_IDENTIFIER = com.praveensamuel.CoffeeApp;
				PRODUCT_NAME = "$(TARGET_NAME)";
				SWIFT_VERSION = 3.0;
			};
			name = Release;
		};
/* End XCBuildConfiguration section */

/* Begin XCConfigurationList section */
		23EDBA8E1DCA5FA90012F311 /* Build configuration list for PBXProject "CoffeeApp" */ = {
			isa = XCConfigurationList;
			buildConfigurations = (
				23EDBAA31DCA5FA90012F311 /* Debug */,
				23EDBAA41DCA5FA90012F311 /* Release */,
			);
			defaultConfigurationIsVisible = 0;
			defaultConfigurationName = Release;
		};
		23EDBAA51DCA5FA90012F311 /* Build configuration list for PBXNativeTarget "CoffeeApp" */ = {
			isa = XCConfigurationList;
			buildConfigurations = (
				23EDBAA61DCA5FA90012F311 /* Debug */,
				23EDBAA71DCA5FA90012F311 /* Release */,
			);
			defaultConfigurationIsVisible = 0;
		};
/* End XCConfigurationList section */
	};
	rootObject = 23EDBA8B1DCA5FA90012F311 /* Project object */;
}
